
Microsoft Visual Studio Solution File, Format Version 12.00
# Visual Studio Version 16
VisualStudioVersion = 16.0.31025.194
MinimumVisualStudioVersion = 10.0.40219.1
Project("{9A19103F-16F7-4668-BE54-9A1E7A4F7556}") = "RTLHotReload", "RTLHotReload.csproj", "{8BD2806F-EA57-422F-80F9-C9BCCB4246D2}"
EndProject
Global
	GlobalSection(SolutionConfigurationPlatforms) = preSolution
		Debug|Any CPU = Debug|Any CPU
		Release|Any CPU = Release|Any CPU
	EndGlobalSection
	GlobalSection(ProjectConfigurationPlatforms) = postSolution
		{8BD2806F-EA57-422F-80F9-C9BCCB4246D2}.Debug|Any CPU.ActiveCfg = Debug|Any CPU
		{8BD2806F-EA57-422F-80F9-C9BCCB4246D2}.Debug|Any CPU.Build.0 = Debug|Any CPU
		{8BD2806F-EA57-422F-80F9-C9BCCB4246D2}.Release|Any CPU.ActiveCfg = Release|Any CPU
		{8BD2806F-EA57-422F-80F9-C9BCCB4246D2}.Release|Any CPU.Build.0 = Release|Any CPU
	EndGlobalSection
	GlobalSection(SolutionProperties) = preSolution
		HideSolutionNode = FALSE
	EndGlobalSection
	GlobalSection(ExtensibilityGlobals) = postSolution
		SolutionGuid = {848E253B-3021-45CE-AD4B-CB65DF0AE61C}
	EndGlobalSection
EndGlobal
